PODS:
  - AmazonIVSBroadcast (1.19.0):
    - AmazonIVSBroadcast/Core (= 1.19.0)
  - AmazonIVSBroadcast/Core (1.19.0)
  - AmazonIVSPlayer (1.29.0)
  - Flutter (1.0.0)
  - integration_test (0.0.1):
    - Flutter
  - ivs_broadcaster (0.0.1):
    - AmazonIVSBroadcast (~> 1.19.0)
    - AmazonIVSPlayer (~> 1.29.0)
    - Flutter
  - permission_handler_apple (9.3.0):
    - Flutter

DEPENDENCIES:
  - Flutter (from `Flutter`)
  - integration_test (from `.symlinks/plugins/integration_test/ios`)
  - ivs_broadcaster (from `.symlinks/plugins/ivs_broadcaster/ios`)
  - permission_handler_apple (from `.symlinks/plugins/permission_handler_apple/ios`)

SPEC REPOS:
  trunk:
    - AmazonIVSBroadcast
    - AmazonIVSPlayer

EXTERNAL SOURCES:
  Flutter:
    :path: Flutter
  integration_test:
    :path: ".symlinks/plugins/integration_test/ios"
  ivs_broadcaster:
    :path: ".symlinks/plugins/ivs_broadcaster/ios"
  permission_handler_apple:
    :path: ".symlinks/plugins/permission_handler_apple/ios"

SPEC CHECKSUMS:
  AmazonIVSBroadcast: ed142d30deff374da5a5d1d490808a4bff0ca4b9
  AmazonIVSPlayer: d723049ee0d9b73f78c21a21fc61e2399e1c2650
  Flutter: e0871f40cf51350855a761d2e70bf5af5b9b5de7
  integration_test: 252f60fa39af5e17c3aa9899d35d908a0721b573
  ivs_broadcaster: 8201d232c826bd2d036fe3ef8a47f909f4dd129f
  permission_handler_apple: 9878588469a2b0d0fc1e048d9f43605f92e6cec2

PODFILE CHECKSUM: 2f637ca201e490621e2d9a5d5cfa0afc9a10c837

COCOAPODS: 1.15.2
